
Microsoft Visual Studio Solution File, Format Version 12.00
# Visual Studio Version 17
VisualStudioVersion = 17.7.34024.191
MinimumVisualStudioVersion = 10.0.40219.1
Project("{FAE04EC0-301F-11D3-BF4B-00C04F79EFBC}") = "Assignment2Final", "Assignment2Final\Assignment2Final.csproj", "{1EC7732D-4C0F-4D13-AB92-C15FD8CF7AFF}"
EndProject
Global
	GlobalSection(SolutionConfigurationPlatforms) = preSolution
		Debug|Any CPU = Debug|Any CPU
		Release|Any CPU = Release|Any CPU
	EndGlobalSection
	GlobalSection(ProjectConfigurationPlatforms) = postSolution
		{1EC7732D-4C0F-4D13-AB92-C15FD8CF7AFF}.Debug|Any CPU.ActiveCfg = Debug|Any CPU
		{1EC7732D-4C0F-4D13-AB92-C15FD8CF7AFF}.Debug|Any CPU.Build.0 = Debug|Any CPU
		{1EC7732D-4C0F-4D13-AB92-C15FD8CF7AFF}.Release|Any CPU.ActiveCfg = Release|Any CPU
		{1EC7732D-4C0F-4D13-AB92-C15FD8CF7AFF}.Release|Any CPU.Build.0 = Release|Any CPU
	EndGlobalSection
	GlobalSection(SolutionProperties) = preSolution
		HideSolutionNode = FALSE
	EndGlobalSection
	GlobalSection(ExtensibilityGlobals) = postSolution
		SolutionGuid = {29CF86B3-182B-4B41-967C-CDEDE317656D}
	EndGlobalSection
EndGlobal
